
Microsoft Visual Studio Solution File, Format Version 12.00
# Visual Studio Version 17
VisualStudioVersion = 17.7.34202.233
MinimumVisualStudioVersion = 10.0.40219.1
Project("{FAE04EC0-301F-11D3-BF4B-00C04F79EFBC}") = "eTickets", "eTickets\eTickets.csproj", "{F2C07AA1-4568-4214-9901-E277E8388A6F}"
EndProject
Global
	GlobalSection(SolutionConfigurationPlatforms) = preSolution
		Debug|Any CPU = Debug|Any CPU
		Release|Any CPU = Release|Any CPU
	EndGlobalSection
	GlobalSection(ProjectConfigurationPlatforms) = postSolution
		{F2C07AA1-4568-4214-9901-E277E8388A6F}.Debug|Any CPU.ActiveCfg = Debug|Any CPU
		{F2C07AA1-4568-4214-9901-E277E8388A6F}.Debug|Any CPU.Build.0 = Debug|Any CPU
		{F2C07AA1-4568-4214-9901-E277E8388A6F}.Release|Any CPU.ActiveCfg = Release|Any CPU
		{F2C07AA1-4568-4214-9901-E277E8388A6F}.Release|Any CPU.Build.0 = Release|Any CPU
	EndGlobalSection
	GlobalSection(SolutionProperties) = preSolution
		HideSolutionNode = FALSE
	EndGlobalSection
	GlobalSection(ExtensibilityGlobals) = postSolution
		SolutionGuid = {C635BE61-613E-4DAD-ACDE-2818054044F1}
	EndGlobalSection
EndGlobal
